
Microsoft Visual Studio Solution File, Format Version 12.00
# Visual Studio Version 16
VisualStudioVersion = 16.0.30320.27
MinimumVisualStudioVersion = 10.0.40219.1
Project("{9A19103F-16F7-4668-BE54-9A1E7A4F7556}") = "CentCom.Server", "CentCom.Server\CentCom.Server.csproj", "{E8742DF1-2BDF-42B6-9E3A-DB4074466ADA}"
EndProject
Project("{9A19103F-16F7-4668-BE54-9A1E7A4F7556}") = "CentCom.API", "CentCom.API\CentCom.API.csproj", "{68FB58E4-9945-4B1E-9767-E3B1590F3CC4}"
EndProject
Project("{9A19103F-16F7-4668-BE54-9A1E7A4F7556}") = "CentCom.Common", "CentCom.Common\CentCom.Common.csproj", "{1908B013-99C9-499C-ABA1-BC249CBDE3ED}"
EndProject
Project("{9A19103F-16F7-4668-BE54-9A1E7A4F7556}") = "CentCom.Test", "CentCom.Test\CentCom.Test.csproj", "{B4A8FED4-ED2C-471B-9F07-A72B0E80E089}"
EndProject
Project("{2150E333-8FDC-42A3-9474-1A3956D46DE8}") = "Solution Items", "Solution Items", "{32C29C63-00D2-4A72-BA1D-6FD7FDE89A7F}"
	ProjectSection(SolutionItems) = preProject
		.editorconfig = .editorconfig
		add-migration.bat = add-migration.bat
		README.md = README.md
	EndProjectSection
EndProject
Project("{FAE04EC0-301F-11D3-BF4B-00C04F79EFBC}") = "CentCom.Exporter", "CentCom.Exporter\CentCom.Exporter.csproj", "{F3B6E80D-A12F-4D26-8E7A-1A5A3D6E50AF}"
EndProject
Global
	GlobalSection(SolutionConfigurationPlatforms) = preSolution
		Debug|Any CPU = Debug|Any CPU
		Release|Any CPU = Release|Any CPU
	EndGlobalSection
	GlobalSection(ProjectConfigurationPlatforms) = postSolution
		{E8742DF1-2BDF-42B6-9E3A-DB4074466ADA}.Debug|Any CPU.ActiveCfg = Debug|Any CPU
		{E8742DF1-2BDF-42B6-9E3A-DB4074466ADA}.Debug|Any CPU.Build.0 = Debug|Any CPU
		{E8742DF1-2BDF-42B6-9E3A-DB4074466ADA}.Release|Any CPU.ActiveCfg = Release|Any CPU
		{E8742DF1-2BDF-42B6-9E3A-DB4074466ADA}.Release|Any CPU.Build.0 = Release|Any CPU
		{68FB58E4-9945-4B1E-9767-E3B1590F3CC4}.Debug|Any CPU.ActiveCfg = Debug|Any CPU
		{68FB58E4-9945-4B1E-9767-E3B1590F3CC4}.Debug|Any CPU.Build.0 = Debug|Any CPU
		{68FB58E4-9945-4B1E-9767-E3B1590F3CC4}.Release|Any CPU.ActiveCfg = Release|Any CPU
		{68FB58E4-9945-4B1E-9767-E3B1590F3CC4}.Release|Any CPU.Build.0 = Release|Any CPU
		{1908B013-99C9-499C-ABA1-BC249CBDE3ED}.Debug|Any CPU.ActiveCfg = Debug|Any CPU
		{1908B013-99C9-499C-ABA1-BC249CBDE3ED}.Debug|Any CPU.Build.0 = Debug|Any CPU
		{1908B013-99C9-499C-ABA1-BC249CBDE3ED}.Release|Any CPU.ActiveCfg = Release|Any CPU
		{1908B013-99C9-499C-ABA1-BC249CBDE3ED}.Release|Any CPU.Build.0 = Release|Any CPU
		{B4A8FED4-ED2C-471B-9F07-A72B0E80E089}.Debug|Any CPU.ActiveCfg = Debug|Any CPU
		{B4A8FED4-ED2C-471B-9F07-A72B0E80E089}.Debug|Any CPU.Build.0 = Debug|Any CPU
		{B4A8FED4-ED2C-471B-9F07-A72B0E80E089}.Release|Any CPU.ActiveCfg = Release|Any CPU
		{B4A8FED4-ED2C-471B-9F07-A72B0E80E089}.Release|Any CPU.Build.0 = Release|Any CPU
		{F3B6E80D-A12F-4D26-8E7A-1A5A3D6E50AF}.Debug|Any CPU.ActiveCfg = Debug|Any CPU
		{F3B6E80D-A12F-4D26-8E7A-1A5A3D6E50AF}.Debug|Any CPU.Build.0 = Debug|Any CPU
		{F3B6E80D-A12F-4D26-8E7A-1A5A3D6E50AF}.Release|Any CPU.ActiveCfg = Release|Any CPU
		{F3B6E80D-A12F-4D26-8E7A-1A5A3D6E50AF}.Release|Any CPU.Build.0 = Release|Any CPU
	EndGlobalSection
	GlobalSection(SolutionProperties) = preSolution
		HideSolutionNode = FALSE
	EndGlobalSection
	GlobalSection(ExtensibilityGlobals) = postSolution
		SolutionGuid = {75B35014-8FA7-47F1-BB59-7917E8ACA8DF}
	EndGlobalSection
EndGlobal
